// !$*UTF8*$!
{
	archiveVersion = 1;
	classes = {
	};
	objectVersion = 77;
	objects = {

/* Begin PBXContainerItemProxy section */
		C86832742CDC9D15007A48D5 /* PBXContainerItemProxy */ = {
			isa = PBXContainerItemProxy;
			containerPortal = C868325B2CDC9D13007A48D5 /* Project object */;
			proxyType = 1;
			remoteGlobalIDString = C86832622CDC9D13007A48D5;
			remoteInfo = BudSyncRework;
		};
		C868327E2CDC9D15007A48D5 /* PBXContainerItemProxy */ = {
			isa = PBXContainerItemProxy;
			containerPortal = C868325B2CDC9D13007A48D5 /* Project object */;
			proxyType = 1;
			remoteGlobalIDString = C86832622CDC9D13007A48D5;
			remoteInfo = BudSyncRework;
		};
/* End PBXContainerItemProxy section */

/* Begin PBXFileReference section */
		C86832632CDC9D13007A48D5 /* BudSyncRework.app */ = {isa = PBXFileReference; explicitFileType = wrapper.application; includeInIndex = 0; path = BudSyncRework.app; sourceTree = BUILT_PRODUCTS_DIR; };
		C86832732CDC9D15007A48D5 /* BudSyncReworkTests.xctest */ = {isa = PBXFileReference; explicitFileType = wrapper.cfbundle; includeInIndex = 0; path = BudSyncReworkTests.xctest; sourceTree = BUILT_PRODUCTS_DIR; };
		C868327D2CDC9D15007A48D5 /* BudSyncReworkUITests.xctest */ = {isa = PBXFileReference; explicitFileType = wrapper.cfbundle; includeInIndex = 0; path = BudSyncReworkUITests.xctest; sourceTree = BUILT_PRODUCTS_DIR; };
/* End PBXFileReference section */

/* Begin PBXFileSystemSynchronizedBuildFileExceptionSet section */
		C8133F412D253453001AE1D8 /* Exceptions for "BudSyncRework" folder in "BudSyncRework" target */ = {
			isa = PBXFileSystemSynchronizedBuildFileExceptionSet;
			membershipExceptions = (
				Info.plist,
			);
			target = C86832622CDC9D13007A48D5 /* BudSyncRework */;
		};
/* End PBXFileSystemSynchronizedBuildFileExceptionSet section */

/* Begin PBXFileSystemSynchronizedRootGroup section */
		C86832652CDC9D13007A48D5 /* BudSyncRework */ = {
			isa = PBXFileSystemSynchronizedRootGroup;
			exceptions = (
				C8133F412D253453001AE1D8 /* Exceptions for "BudSyncRework" folder in "BudSyncRework" target */,
			);
			path = BudSyncRework;
			sourceTree = "<group>";
		};
		C86832762CDC9D15007A48D5 /* BudSyncReworkTests */ = {
			isa = PBXFileSystemSynchronizedRootGroup;
			path = BudSyncReworkTests;
			sourceTree = "<group>";
		};
		C86832802CDC9D15007A48D5 /* BudSyncReworkUITests */ = {
			isa = PBXFileSystemSynchronizedRootGroup;
			path = BudSyncReworkUITests;
			sourceTree = "<group>";
		};
/* End PBXFileSystemSynchronizedRootGroup section */

/* Begin PBXFrameworksBuildPhase section */
		C86832602CDC9D13007A48D5 /* Frameworks */ = {
			isa = PBXFrameworksBuildPhase;
			buildActionMask = 2147483647;
			files = (
			);
			runOnlyForDeploymentPostprocessing = 0;
		};
		C86832702CDC9D15007A48D5 /* Frameworks */ = {
			isa = PBXFrameworksBuildPhase;
			buildActionMask = 2147483647;
			files = (
			);
			runOnlyForDeploymentPostprocessing = 0;
		};
		C868327A2CDC9D15007A48D5 /* Frameworks */ = {
			isa = PBXFrameworksBuildPhase;
			buildActionMask = 2147483647;
			files = (
			);
			runOnlyForDeploymentPostprocessing = 0;
		};
/* End PBXFrameworksBuildPhase section */

/* Begin PBXGroup section */
		C868325A2CDC9D13007A48D5 = {
			isa = PBXGroup;
			children = (
				C86832652CDC9D13007A48D5 /* BudSyncRework */,
				C86832762CDC9D15007A48D5 /* BudSyncReworkTests */,
				C86832802CDC9D15007A48D5 /* BudSyncReworkUITests */,
				C86832642CDC9D13007A48D5 /* Products */,
			);
			sourceTree = "<group>";
		};
		C86832642CDC9D13007A48D5 /* Products */ = {
			isa = PBXGroup;
			children = (
				C86832632CDC9D13007A48D5 /* BudSyncRework.app */,
				C86832732CDC9D15007A48D5 /* BudSyncReworkTests.xctest */,
				C868327D2CDC9D15007A48D5 /* BudSyncReworkUITests.xctest */,
			);
			name = Products;
			sourceTree = "<group>";
		};
/* End PBXGroup section */

/* Begin PBXNativeTarget section */
		C86832622CDC9D13007A48D5 /* BudSyncRework */ = {
			isa = PBXNativeTarget;
			buildConfigurationList = C86832872CDC9D15007A48D5 /* Build configuration list for PBXNativeTarget "BudSyncRework" */;
			buildPhases = (
				C868325F2CDC9D13007A48D5 /* Sources */,
				C86832602CDC9D13007A48D5 /* Frameworks */,
				C86832612CDC9D13007A48D5 /* Resources */,
			);
			buildRules = (
			);
			dependencies = (
			);
			fileSystemSynchronizedGroups = (
				C86832652CDC9D13007A48D5 /* BudSyncRework */,
			);
			name = BudSyncRework;
			packageProductDependencies = (
			);
			productName = BudSyncRework;
			productReference = C86832632CDC9D13007A48D5 /* BudSyncRework.app */;
			productType = "com.apple.product-type.application";
		};
		C86832722CDC9D15007A48D5 /* BudSyncReworkTests */ = {
			isa = PBXNativeTarget;
			buildConfigurationList = C868328A2CDC9D15007A48D5 /* Build configuration list for PBXNativeTarget "BudSyncReworkTests" */;
			buildPhases = (
				C868326F2CDC9D15007A48D5 /* Sources */,
				C86832702CDC9D15007A48D5 /* Frameworks */,
				C86832712CDC9D15007A48D5 /* Resources */,
			);
			buildRules = (
			);
			dependencies = (
				C86832752CDC9D15007A48D5 /* PBXTargetDependency */,
			);
			fileSystemSynchronizedGroups = (
				C86832762CDC9D15007A48D5 /* BudSyncReworkTests */,
			);
			name = BudSyncReworkTests;
			packageProductDependencies = (
			);
			productName = BudSyncReworkTests;
			productReference = C86832732CDC9D15007A48D5 /* BudSyncReworkTests.xctest */;
			productType = "com.apple.product-type.bundle.unit-test";
		};
		C868327C2CDC9D15007A48D5 /* BudSyncReworkUITests */ = {
			isa = PBXNativeTarget;
			buildConfigurationList = C868328D2CDC9D15007A48D5 /* Build configuration list for PBXNativeTarget "BudSyncReworkUITests" */;
			buildPhases = (
				C86832792CDC9D15007A48D5 /* Sources */,
				C868327A2CDC9D15007A48D5 /* Frameworks */,
				C868327B2CDC9D15007A48D5 /* Resources */,
			);
			buildRules = (
			);
			dependencies = (
				C868327F2CDC9D15007A48D5 /* PBXTargetDependency */,
			);
			fileSystemSynchronizedGroups = (
				C86832802CDC9D15007A48D5 /* BudSyncReworkUITests */,
			);
			name = BudSyncReworkUITests;
			packageProductDependencies = (
			);
			productName = BudSyncReworkUITests;
			productReference = C868327D2CDC9D15007A48D5 /* BudSyncReworkUITests.xctest */;
			productType = "com.apple.product-type.bundle.ui-testing";
		};
/* End PBXNativeTarget section */

/* Begin PBXProject section */
		C868325B2CDC9D13007A48D5 /* Project object */ = {
			isa = PBXProject;
			attributes = {
				BuildIndependentTargetsInParallel = 1;
				LastSwiftUpdateCheck = 1600;
				LastUpgradeCheck = 1600;
				TargetAttributes = {
					C86832622CDC9D13007A48D5 = {
						CreatedOnToolsVersion = 16.0;
					};
					C86832722CDC9D15007A48D5 = {
						CreatedOnToolsVersion = 16.0;
						TestTargetID = C86832622CDC9D13007A48D5;
					};
					C868327C2CDC9D15007A48D5 = {
						CreatedOnToolsVersion = 16.0;
						TestTargetID = C86832622CDC9D13007A48D5;
					};
				};
			};
			buildConfigurationList = C868325E2CDC9D13007A48D5 /* Build configuration list for PBXProject "BudSyncRework" */;
			developmentRegion = en;
			hasScannedForEncodings = 0;
			knownRegions = (
				en,
				Base,
			);
			mainGroup = C868325A2CDC9D13007A48D5;
			minimizedProjectReferenceProxies = 1;
			preferredProjectObjectVersion = 77;
			productRefGroup = C86832642CDC9D13007A48D5 /* Products */;
			projectDirPath = "";
			projectRoot = "";
			targets = (
				C86832622CDC9D13007A48D5 /* BudSyncRework */,
				C86832722CDC9D15007A48D5 /* BudSyncReworkTests */,
				C868327C2CDC9D15007A48D5 /* BudSyncReworkUITests */,
			);
		};
/* End PBXProject section */

/* Begin PBXResourcesBuildPhase section */
		C86832612CDC9D13007A48D5 /* Resources */ = {
			isa = PBXResourcesBuildPhase;
			buildActionMask = 2147483647;
			files = (
			);
			runOnlyForDeploymentPostprocessing = 0;
		};
		C86832712CDC9D15007A48D5 /* Resources */ = {
			isa = PBXResourcesBuildPhase;
			buildActionMask = 2147483647;
			files = (
			);
			runOnlyForDeploymentPostprocessing = 0;
		};
		C868327B2CDC9D15007A48D5 /* Resources */ = {
			isa = PBXResourcesBuildPhase;
			buildActionMask = 2147483647;
			files = (
			);
			runOnlyForDeploymentPostprocessing = 0;
		};
/* End PBXResourcesBuildPhase section */

/* Begin PBXSourcesBuildPhase section */
		C868325F2CDC9D13007A48D5 /* Sources */ = {
			isa = PBXSourcesBuildPhase;
			buildActionMask = 2147483647;
			files = (
			);
			runOnlyForDeploymentPostprocessing = 0;
		};
		C868326F2CDC9D15007A48D5 /* Sources */ = {
			isa = PBXSourcesBuildPhase;
			buildActionMask = 2147483647;
			files = (
			);
			runOnlyForDeploymentPostprocessing = 0;
		};
		C86832792CDC9D15007A48D5 /* Sources */ = {
			isa = PBXSourcesBuildPhase;
			buildActionMask = 2147483647;
			files = (
			);
			runOnlyForDeploymentPostprocessing = 0;
		};
/* End PBXSourcesBuildPhase section */

/* Begin PBXTargetDependency section */
		C86832752CDC9D15007A48D5 /* PBXTargetDependency */ = {
			isa = PBXTargetDependency;
			target = C86832622CDC9D13007A48D5 /* BudSyncRework */;
			targetProxy = C86832742CDC9D15007A48D5 /* PBXContainerItemProxy */;
		};
		C868327F2CDC9D15007A48D5 /* PBXTargetDependency */ = {
			isa = PBXTargetDependency;
			target = C86832622CDC9D13007A48D5 /* BudSyncRework */;
			targetProxy = C868327E2CDC9D15007A48D5 /* PBXContainerItemProxy */;
		};
/* End PBXTargetDependency section */

/* Begin XCBuildConfiguration section */
		C86832852CDC9D15007A48D5 /* Debug */ = {
			isa = XCBuildConfiguration;
			buildSettings = {
				ALWAYS_SEARCH_USER_PATHS = NO;
				ASSETCATALOG_COMPILER_GENERATE_SWIFT_ASSET_SYMBOL_EXTENSIONS = YES;
				CLANG_ANALYZER_NONNULL = YES;
				CLANG_ANALYZER_NUMBER_OBJECT_CONVERSION = YES_AGGRESSIVE;
				CLANG_CXX_LANGUAGE_STANDARD = "gnu++20";
				CLANG_ENABLE_MODULES = YES;
				CLANG_ENABLE_OBJC_ARC = YES;
				CLANG_ENABLE_OBJC_WEAK = YES;
				CLANG_WARN_BLOCK_CAPTURE_AUTORELEASING = YES;
				CLANG_WARN_BOOL_CONVERSION = YES;
				CLANG_WARN_COMMA = YES;
				CLANG_WARN_CONSTANT_CONVERSION = YES;
				CLANG_WARN_DEPRECATED_OBJC_IMPLEMENTATIONS = YES;
				CLANG_WARN_DIRECT_OBJC_ISA_USAGE = YES_ERROR;
				CLANG_WARN_DOCUMENTATION_COMMENTS = YES;
				CLANG_WARN_EMPTY_BODY = YES;
				CLANG_WARN_ENUM_CONVERSION = YES;
				CLANG_WARN_INFINITE_RECURSION = YES;
				CLANG_WARN_INT_CONVERSION = YES;
				CLANG_WARN_NON_LITERAL_NULL_CONVERSION = YES;
				CLANG_WARN_OBJC_IMPLICIT_RETAIN_SELF = YES;
				CLANG_WARN_OBJC_LITERAL_CONVERSION = YES;
				CLANG_WARN_OBJC_ROOT_CLASS = YES_ERROR;
				CLANG_WARN_QUOTED_INCLUDE_IN_FRAMEWORK_HEADER = YES;
				CLANG_WARN_RANGE_LOOP_ANALYSIS = YES;
				CLANG_WARN_STRICT_PROTOTYPES = YES;
				CLANG_WARN_SUSPICIOUS_MOVE = YES;
				CLANG_WARN_UNGUARDED_AVAILABILITY = YES_AGGRESSIVE;
				CLANG_WARN_UNREACHABLE_CODE = YES;
				CLANG_WARN__DUPLICATE_METHOD_MATCH = YES;
				COPY_PHASE_STRIP = NO;
				DEBUG_INFORMATION_FORMAT = dwarf;
				ENABLE_STRICT_OBJC_MSGSEND = YES;
				ENABLE_TESTABILITY = YES;
				ENABLE_USER_SCRIPT_SANDBOXING = YES;
				GCC_C_LANGUAGE_STANDARD = gnu17;
				GCC_DYNAMIC_NO_PIC = NO;
				GCC_NO_COMMON_BLOCKS = YES;
				GCC_OPTIMIZATION_LEVEL = 0;
				GCC_PREPROCESSOR_DEFINITIONS = (
					"DEBUG=1",
					"$(inherited)",
				);
				GCC_WARN_64_TO_32_BIT_CONVERSION = YES;
				GCC_WARN_ABOUT_RETURN_TYPE = YES_ERROR;
				GCC_WARN_UNDECLARED_SELECTOR = YES;
				GCC_WARN_UNINITIALIZED_AUTOS = YES_AGGRESSIVE;
				GCC_WARN_UNUSED_FUNCTION = YES;
				GCC_WARN_UNUSED_VARIABLE = YES;
				IPHONEOS_DEPLOYMENT_TARGET = 18.0;
				LOCALIZATION_PREFERS_STRING_CATALOGS = YES;
				MTL_ENABLE_DEBUG_INFO = INCLUDE_SOURCE;
				MTL_FAST_MATH = YES;
				ONLY_ACTIVE_ARCH = YES;
				SDKROOT = iphoneos;
				SWIFT_ACTIVE_COMPILATION_CONDITIONS = "DEBUG $(inherited)";
				SWIFT_OPTIMIZATION_LEVEL = "-Onone";
			};
			name = Debug;
		};
		C86832862CDC9D15007A48D5 /* Release */ = {
			isa = XCBuildConfiguration;
			buildSettings = {
				ALWAYS_SEARCH_USER_PATHS = NO;
				ASSETCATALOG_COMPILER_GENERATE_SWIFT_ASSET_SYMBOL_EXTENSIONS = YES;
				CLANG_ANALYZER_NONNULL = YES;
				CLANG_ANALYZER_NUMBER_OBJECT_CONVERSION = YES_AGGRESSIVE;
				CLANG_CXX_LANGUAGE_STANDARD = "gnu++20";
				CLANG_ENABLE_MODULES = YES;
				CLANG_ENABLE_OBJC_ARC = YES;
				CLANG_ENABLE_OBJC_WEAK = YES;
				CLANG_WARN_BLOCK_CAPTURE_AUTORELEASING = YES;
				CLANG_WARN_BOOL_CONVERSION = YES;
				CLANG_WARN_COMMA = YES;
				CLANG_WARN_CONSTANT_CONVERSION = YES;
				CLANG_WARN_DEPRECATED_OBJC_IMPLEMENTATIONS = YES;
				CLANG_WARN_DIRECT_OBJC_ISA_USAGE = YES_ERROR;
				CLANG_WARN_DOCUMENTATION_COMMENTS = YES;
				CLANG_WARN_EMPTY_BODY = YES;
				CLANG_WARN_ENUM_CONVERSION = YES;
				CLANG_WARN_INFINITE_RECURSION = YES;
				CLANG_WARN_INT_CONVERSION = YES;
				CLANG_WARN_NON_LITERAL_NULL_CONVERSION = YES;
				CLANG_WARN_OBJC_IMPLICIT_RETAIN_SELF = YES;
				CLANG_WARN_OBJC_LITERAL_CONVERSION = YES;
				CLANG_WARN_OBJC_ROOT_CLASS = YES_ERROR;
				CLANG_WARN_QUOTED_INCLUDE_IN_FRAMEWORK_HEADER = YES;
				CLANG_WARN_RANGE_LOOP_ANALYSIS = YES;
				CLANG_WARN_STRICT_PROTOTYPES = YES;
				CLANG_WARN_SUSPICIOUS_MOVE = YES;
				CLANG_WARN_UNGUARDED_AVAILABILITY = YES_AGGRESSIVE;
				CLANG_WARN_UNREACHABLE_CODE = YES;
				CLANG_WARN__DUPLICATE_METHOD_MATCH = YES;
				COPY_PHASE_STRIP = NO;
				DEBUG_INFORMATION_FORMAT = "dwarf-with-dsym";
				ENABLE_NS_ASSERTIONS = NO;
				ENABLE_STRICT_OBJC_MSGSEND = YES;
				ENABLE_USER_SCRIPT_SANDBOXING = YES;
				GCC_C_LANGUAGE_STANDARD = gnu17;
				GCC_NO_COMMON_BLOCKS = YES;
				GCC_WARN_64_TO_32_BIT_CONVERSION = YES;
				GCC_WARN_ABOUT_RETURN_TYPE = YES_ERROR;
				GCC_WARN_UNDECLARED_SELECTOR = YES;
				GCC_WARN_UNINITIALIZED_AUTOS = YES_AGGRESSIVE;
				GCC_WARN_UNUSED_FUNCTION = YES;
				GCC_WARN_UNUSED_VARIABLE = YES;
				IPHONEOS_DEPLOYMENT_TARGET = 18.0;
				LOCALIZATION_PREFERS_STRING_CATALOGS = YES;
				MTL_ENABLE_DEBUG_INFO = NO;
				MTL_FAST_MATH = YES;
				SDKROOT = iphoneos;
				SWIFT_COMPILATION_MODE = wholemodule;
				VALIDATE_PRODUCT = YES;
			};
			name = Release;
		};
		C86832882CDC9D15007A48D5 /* Debug */ = {
			isa = XCBuildConfiguration;
			buildSettings = {
				ASSETCATALOG_COMPILER_APPICON_NAME = AppIcon;
				ASSETCATALOG_COMPILER_GLOBAL_ACCENT_COLOR_NAME = AccentColor;
				CODE_SIGN_ENTITLEMENTS = BudSyncRework/BudSyncRework.entitlements;
				CODE_SIGN_IDENTITY = "Apple Development";
				CODE_SIGN_STYLE = Automatic;
				CURRENT_PROJECT_VERSION = 1;
				DEVELOPMENT_ASSET_PATHS = "\"BudSyncRework/Preview Content\"";
				DEVELOPMENT_TEAM = 2PK9G249Q5;
				ENABLE_PREVIEWS = YES;
				GENERATE_INFOPLIST_FILE = YES;
				INFOPLIST_FILE = BudSyncRework/Info.plist;
				INFOPLIST_KEY_NSCameraUsageDescription = "This App needs access to your camera to scan qr-code and add other users as friends.";
				INFOPLIST_KEY_NSHealthShareUsageDescription = "Your Health Data is used to meassure your health progress in the app.";
				INFOPLIST_KEY_NSHealthUpdateUsageDescription = "Your Health Data is used to meassure your health progress in the app.";
				INFOPLIST_KEY_UIApplicationSceneManifest_Generation = YES;
				INFOPLIST_KEY_UIApplicationSupportsIndirectInputEvents = YES;
				INFOPLIST_KEY_UILaunchScreen_Generation = YES;
				INFOPLIST_KEY_UISupportedInterfaceOrientations_iPad = "UIInterfaceOrientationPortrait UIInterfaceOrientationPortraitUpsideDown UIInterfaceOrientationLandscapeLeft UIInterfaceOrientationLandscapeRight";
				INFOPLIST_KEY_UISupportedInterfaceOrientations_iPhone = "UIInterfaceOrientationPortrait UIInterfaceOrientationLandscapeLeft UIInterfaceOrientationLandscapeRight";
				IPHONEOS_DEPLOYMENT_TARGET = 17.0;
				LD_RUNPATH_SEARCH_PATHS = (
					"$(inherited)",
					"@executable_path/Frameworks",
				);
				MARKETING_VERSION = 1.0;
				PRODUCT_BUNDLE_IDENTIFIER = com.VansCC.BudSyncRework;
				PRODUCT_NAME = "$(TARGET_NAME)";
				PROVISIONING_PROFILE_SPECIFIER = "";
				SWIFT_EMIT_LOC_STRINGS = YES;
				SWIFT_VERSION = 5.0;
				TARGETED_DEVICE_FAMILY = "1,2";
			};
			name = Debug;
		};
		C86832892CDC9D15007A48D5 /* Release */ = {
			isa = XCBuildConfiguration;
			buildSettings = {
				ASSETCATALOG_COMPILER_APPICON_NAME = AppIcon;
				ASSETCATALOG_COMPILER_GLOBAL_ACCENT_COLOR_NAME = AccentColor;
				CODE_SIGN_ENTITLEMENTS = BudSyncRework/BudSyncRework.entitlements;
				CODE_SIGN_IDENTITY = "Apple Development";
				CODE_SIGN_STYLE = Automatic;
				CURRENT_PROJECT_VERSION = 1;
				DEVELOPMENT_ASSET_PATHS = "\"BudSyncRework/Preview Content\"";
				DEVELOPMENT_TEAM = 2PK9G249Q5;
				ENABLE_PREVIEWS = YES;
				GENERATE_INFOPLIST_FILE = YES;
				INFOPLIST_FILE = BudSyncRework/Info.plist;
				INFOPLIST_KEY_NSCameraUsageDescription = "This App needs access to your camera to scan qr-code and add other users as friends.";
				INFOPLIST_KEY_NSHealthShareUsageDescription = "Your Health Data is used to meassure your health progress in the app.";
				INFOPLIST_KEY_NSHealthUpdateUsageDescription = "Your Health Data is used to meassure your health progress in the app.";
				INFOPLIST_KEY_UIApplicationSceneManifest_Generation = YES;
				INFOPLIST_KEY_UIApplicationSupportsIndirectInputEvents = YES;
				INFOPLIST_KEY_UILaunchScreen_Generation = YES;
				INFOPLIST_KEY_UISupportedInterfaceOrientations_iPad = "UIInterfaceOrientationPortrait UIInterfaceOrientationPortraitUpsideDown UIInterfaceOrientationLandscapeLeft UIInterfaceOrientationLandscapeRight";
				INFOPLIST_KEY_UISupportedInterfaceOrientations_iPhone = "UIInterfaceOrientationPortrait UIInterfaceOrientationLandscapeLeft UIInterfaceOrientationLandscapeRight";
				IPHONEOS_DEPLOYMENT_TARGET = 17.0;
				LD_RUNPATH_SEARCH_PATHS = (
					"$(inherited)",
					"@executable_path/Frameworks",
				);
				MARKETING_VERSION = 1.0;
				PRODUCT_BUNDLE_IDENTIFIER = com.VansCC.BudSyncRework;
				PRODUCT_NAME = "$(TARGET_NAME)";
				PROVISIONING_PROFILE_SPECIFIER = "";
				SWIFT_EMIT_LOC_STRINGS = YES;
				SWIFT_VERSION = 5.0;
				TARGETED_DEVICE_FAMILY = "1,2";
			};
			name = Release;
		};
		C868328B2CDC9D15007A48D5 /* Debug */ = {
			isa = XCBuildConfiguration;
			buildSettings = {
				BUNDLE_LOADER = "$(TEST_HOST)";
				CODE_SIGN_STYLE = Automatic;
				CURRENT_PROJECT_VERSION = 1;
				DEVELOPMENT_TEAM = 2PK9G249Q5;
				GENERATE_INFOPLIST_FILE = YES;
				IPHONEOS_DEPLOYMENT_TARGET = 17.6;
				MARKETING_VERSION = 1.0;
				PRODUCT_BUNDLE_IDENTIFIER = com.Vans.BudSyncReworkTests;
				PRODUCT_NAME = "$(TARGET_NAME)";
				SWIFT_EMIT_LOC_STRINGS = NO;
				SWIFT_VERSION = 5.0;
				TARGETED_DEVICE_FAMILY = "1,2";
				TEST_HOST = "$(BUILT_PRODUCTS_DIR)/BudSyncRework.app/$(BUNDLE_EXECUTABLE_FOLDER_PATH)/BudSyncRework";
			};
			name = Debug;
		};
		C868328C2CDC9D15007A48D5 /* Release */ = {
			isa = XCBuildConfiguration;
			buildSettings = {
				BUNDLE_LOADER = "$(TEST_HOST)";
				CODE_SIGN_STYLE = Automatic;
				CURRENT_PROJECT_VERSION = 1;
				DEVELOPMENT_TEAM = 2PK9G249Q5;
				GENERATE_INFOPLIST_FILE = YES;
				IPHONEOS_DEPLOYMENT_TARGET = 17.6;
				MARKETING_VERSION = 1.0;
				PRODUCT_BUNDLE_IDENTIFIER = com.Vans.BudSyncReworkTests;
				PRODUCT_NAME = "$(TARGET_NAME)";
				SWIFT_EMIT_LOC_STRINGS = NO;
				SWIFT_VERSION = 5.0;
				TARGETED_DEVICE_FAMILY = "1,2";
				TEST_HOST = "$(BUILT_PRODUCTS_DIR)/BudSyncRework.app/$(BUNDLE_EXECUTABLE_FOLDER_PATH)/BudSyncRework";
			};
			name = Release;
		};
		C868328E2CDC9D15007A48D5 /* Debug */ = {
			isa = XCBuildConfiguration;
			buildSettings = {
				CODE_SIGN_STYLE = Automatic;
				CURRENT_PROJECT_VERSION = 1;
				DEVELOPMENT_TEAM = 2PK9G249Q5;
				GENERATE_INFOPLIST_FILE = YES;
				IPHONEOS_DEPLOYMENT_TARGET = 17.6;
				MARKETING_VERSION = 1.0;
				PRODUCT_BUNDLE_IDENTIFIER = com.Vans.BudSyncReworkUITests;
				PRODUCT_NAME = "$(TARGET_NAME)";
				SWIFT_EMIT_LOC_STRINGS = NO;
				SWIFT_VERSION = 5.0;
				TARGETED_DEVICE_FAMILY = "1,2";
				TEST_TARGET_NAME = BudSyncRework;
			};
			name = Debug;
		};
		C868328F2CDC9D15007A48D5 /* Release */ = {
			isa = XCBuildConfiguration;
			buildSettings = {
				CODE_SIGN_STYLE = Automatic;
				CURRENT_PROJECT_VERSION = 1;
				DEVELOPMENT_TEAM = 2PK9G249Q5;
				GENERATE_INFOPLIST_FILE = YES;
				IPHONEOS_DEPLOYMENT_TARGET = 17.6;
				MARKETING_VERSION = 1.0;
				PRODUCT_BUNDLE_IDENTIFIER = com.Vans.BudSyncReworkUITests;
				PRODUCT_NAME = "$(TARGET_NAME)";
				SWIFT_EMIT_LOC_STRINGS = NO;
				SWIFT_VERSION = 5.0;
				TARGETED_DEVICE_FAMILY = "1,2";
				TEST_TARGET_NAME = BudSyncRework;
			};
			name = Release;
		};
/* End XCBuildConfiguration section */

/* Begin XCConfigurationList section */
		C868325E2CDC9D13007A48D5 /* Build configuration list for PBXProject "BudSyncRework" */ = {
			isa = XCConfigurationList;
			buildConfigurations = (
				C86832852CDC9D15007A48D5 /* Debug */,
				C86832862CDC9D15007A48D5 /* Release */,
			);
			defaultConfigurationIsVisible = 0;
			defaultConfigurationName = Release;
		};
		C86832872CDC9D15007A48D5 /* Build configuration list for PBXNativeTarget "BudSyncRework" */ = {
			isa = XCConfigurationList;
			buildConfigurations = (
				C86832882CDC9D15007A48D5 /* Debug */,
				C86832892CDC9D15007A48D5 /* Release */,
			);
			defaultConfigurationIsVisible = 0;
			defaultConfigurationName = Release;
		};
		C868328A2CDC9D15007A48D5 /* Build configuration list for PBXNativeTarget "BudSyncReworkTests" */ = {
			isa = XCConfigurationList;
			buildConfigurations = (
				C868328B2CDC9D15007A48D5 /* Debug */,
				C868328C2CDC9D15007A48D5 /* Release */,
			);
			defaultConfigurationIsVisible = 0;
			defaultConfigurationName = Release;
		};
		C868328D2CDC9D15007A48D5 /* Build configuration list for PBXNativeTarget "BudSyncReworkUITests" */ = {
			isa = XCConfigurationList;
			buildConfigurations = (
				C868328E2CDC9D15007A48D5 /* Debug */,
				C868328F2CDC9D15007A48D5 /* Release */,
			);
			defaultConfigurationIsVisible = 0;
			defaultConfigurationName = Release;
		};
/* End XCConfigurationList section */
	};
	rootObject = C868325B2CDC9D13007A48D5 /* Project object */;
}
